
Microsoft Visual Studio Solution File, Format Version 12.00
# Visual Studio 15
VisualStudioVersion = 15.0.28307.329
MinimumVisualStudioVersion = 10.0.40219.1
Project("{2150E333-8FDC-42A3-9474-1A3956D46DE8}") = "Solution Items", "Solution Items", "{D4BDE631-1CBF-4298-AE28-02F4DC871550}"
	ProjectSection(SolutionItems) = preProject
		Y_Theta\include.php = Y_Theta\include.php
		Y_Theta\main.php = Y_Theta\main.php
		Y_Theta\screenshot.png = Y_Theta\screenshot.png
		Y_Theta\theme.xml = Y_Theta\theme.xml
	EndProjectSection
EndProject
Project("{2150E333-8FDC-42A3-9474-1A3956D46DE8}") = "template", "template", "{62247B68-F9A2-41C0-BCC8-0E1AD50D5704}"
	ProjectSection(SolutionItems) = preProject
		Y_Theta\template\comment.php = Y_Theta\template\comment.php
		Y_Theta\template\commentpost.php = Y_Theta\template\commentpost.php
		Y_Theta\template\comments.php = Y_Theta\template\comments.php
		Y_Theta\template\footer.php = Y_Theta\template\footer.php
		Y_Theta\template\header.php = Y_Theta\template\header.php
		Y_Theta\template\index.php = Y_Theta\template\index.php
		Y_Theta\template\post-istop.php = Y_Theta\template\post-istop.php
		Y_Theta\template\post-multi.php = Y_Theta\template\post-multi.php
		Y_Theta\template\post-page.php = Y_Theta\template\post-page.php
		Y_Theta\template\post-single.php = Y_Theta\template\post-single.php
		Y_Theta\template\single.php = Y_Theta\template\single.php
	EndProjectSection
EndProject
Project("{2150E333-8FDC-42A3-9474-1A3956D46DE8}") = "include", "include", "{264DEFA7-EBE8-42EB-BF1A-C54391DC0AD0}"
	ProjectSection(SolutionItems) = preProject
		Y_Theta\include\index.html = Y_Theta\include\index.html
	EndProjectSection
EndProject
Project("{2150E333-8FDC-42A3-9474-1A3956D46DE8}") = "script", "script", "{3B166980-B95B-4EFC-BAB9-065F6C3DD6E2}"
	ProjectSection(SolutionItems) = preProject
		Y_Theta\script\custom.js = Y_Theta\script\custom.js
	EndProjectSection
EndProject
Project("{2150E333-8FDC-42A3-9474-1A3956D46DE8}") = "source", "source", "{A7E25E08-33C0-48C8-8D39-86ABD17137CC}"
	ProjectSection(SolutionItems) = preProject
		Y_Theta\source\colpick.css = Y_Theta\source\colpick.css
		Y_Theta\source\colpick.js = Y_Theta\source\colpick.js
	EndProjectSection
EndProject
Project("{2150E333-8FDC-42A3-9474-1A3956D46DE8}") = "style", "style", "{ECB3AE5C-627C-40C3-8B90-3479C1D84469}"
	ProjectSection(SolutionItems) = preProject
		Y_Theta\style\default.css = Y_Theta\style\default.css
	EndProjectSection
EndProject
Global
	GlobalSection(SolutionProperties) = preSolution
		HideSolutionNode = FALSE
	EndGlobalSection
	GlobalSection(NestedProjects) = preSolution
		{62247B68-F9A2-41C0-BCC8-0E1AD50D5704} = {D4BDE631-1CBF-4298-AE28-02F4DC871550}
		{264DEFA7-EBE8-42EB-BF1A-C54391DC0AD0} = {D4BDE631-1CBF-4298-AE28-02F4DC871550}
		{3B166980-B95B-4EFC-BAB9-065F6C3DD6E2} = {D4BDE631-1CBF-4298-AE28-02F4DC871550}
		{A7E25E08-33C0-48C8-8D39-86ABD17137CC} = {D4BDE631-1CBF-4298-AE28-02F4DC871550}
		{ECB3AE5C-627C-40C3-8B90-3479C1D84469} = {D4BDE631-1CBF-4298-AE28-02F4DC871550}
	EndGlobalSection
	GlobalSection(ExtensibilityGlobals) = postSolution
		SolutionGuid = {9B8E3068-6E72-4508-9A0E-9711FED996CC}
	EndGlobalSection
EndGlobal
